
Microsoft Visual Studio Solution File, Format Version 12.00
# Visual Studio 2013
VisualStudioVersion = 12.0.31101.0
MinimumVisualStudioVersion = 10.0.40219.1
Project("{FAE04EC0-301F-11D3-BF4B-00C04F79EFBC}") = "Mechanect", "Mechanect\Mechanect\Mechanect.csproj", "{381BBF5A-322A-434A-9867-2DEBCA749103}"
EndProject
Project("{FAE04EC0-301F-11D3-BF4B-00C04F79EFBC}") = "MechanectContent", "Mechanect\MechanectContent\MechanectContent.contentproj", "{86D5B048-45DE-4E57-A784-B816A9166EE4}"
EndProject
Project("{FAE04EC0-301F-11D3-BF4B-00C04F79EFBC}") = "GifAnimation", "GifAnimation\GifAnimation.csproj", "{76B7215D-8172-4FF9-A1A9-4989B0D4C15B}"
EndProject
Project("{FAE04EC0-301F-11D3-BF4B-00C04F79EFBC}") = "GifAnimation.Pipeline", "GifAnimation.Pipeline\GifAnimation.Pipeline.csproj", "{9C683759-D9CF-423E-87B1-153097BE2820}"
EndProject
Project("{FAE04EC0-301F-11D3-BF4B-00C04F79EFBC}") = "Physics", "Physics\Physics.csproj", "{AB3EBA19-AD21-494E-8330-1C9D0F24A75C}"
EndProject
Project("{FAE04EC0-301F-11D3-BF4B-00C04F79EFBC}") = "SkinnedModelWindows", "SkinnedModel\SkinnedModelWindows.csproj", "{0D41E29B-829F-4255-BCA5-64DC2677DA6D}"
EndProject
Project("{FAE04EC0-301F-11D3-BF4B-00C04F79EFBC}") = "SkinnedModelPipeline", "SkinnedModelPipeline\SkinnedModelPipeline.csproj", "{4636C7E1-B845-4B83-B96D-64A11B8A4515}"
EndProject
Project("{FAE04EC0-301F-11D3-BF4B-00C04F79EFBC}") = "TestsLib", "TestsLib\TestsLib.csproj", "{7E875664-5067-4C99-9287-D134B54FA643}"
EndProject
Project("{FAE04EC0-301F-11D3-BF4B-00C04F79EFBC}") = "UI", "UI\UI.csproj", "{E291E85F-5616-453D-803E-07C0BC64B9B1}"
EndProject
Global
	GlobalSection(SolutionConfigurationPlatforms) = preSolution
		Debug|Any CPU = Debug|Any CPU
		Debug|Mixed Platforms = Debug|Mixed Platforms
		Debug|x86 = Debug|x86
		Debug|Xbox 360 = Debug|Xbox 360
		Release|Any CPU = Release|Any CPU
		Release|Mixed Platforms = Release|Mixed Platforms
		Release|x86 = Release|x86
		Release|Xbox 360 = Release|Xbox 360
	EndGlobalSection
	GlobalSection(ProjectConfigurationPlatforms) = postSolution
		{381BBF5A-322A-434A-9867-2DEBCA749103}.Debug|Any CPU.ActiveCfg = Debug|x86
		{381BBF5A-322A-434A-9867-2DEBCA749103}.Debug|Mixed Platforms.ActiveCfg = Debug|x86
		{381BBF5A-322A-434A-9867-2DEBCA749103}.Debug|Mixed Platforms.Build.0 = Debug|x86
		{381BBF5A-322A-434A-9867-2DEBCA749103}.Debug|x86.ActiveCfg = Debug|x86
		{381BBF5A-322A-434A-9867-2DEBCA749103}.Debug|x86.Build.0 = Debug|x86
		{381BBF5A-322A-434A-9867-2DEBCA749103}.Debug|Xbox 360.ActiveCfg = Debug|x86
		{381BBF5A-322A-434A-9867-2DEBCA749103}.Release|Any CPU.ActiveCfg = Release|x86
		{381BBF5A-322A-434A-9867-2DEBCA749103}.Release|Mixed Platforms.ActiveCfg = Release|x86
		{381BBF5A-322A-434A-9867-2DEBCA749103}.Release|Mixed Platforms.Build.0 = Release|x86
		{381BBF5A-322A-434A-9867-2DEBCA749103}.Release|x86.ActiveCfg = Release|x86
		{381BBF5A-322A-434A-9867-2DEBCA749103}.Release|x86.Build.0 = Release|x86
		{381BBF5A-322A-434A-9867-2DEBCA749103}.Release|Xbox 360.ActiveCfg = Release|x86
		{86D5B048-45DE-4E57-A784-B816A9166EE4}.Debug|Any CPU.ActiveCfg = Debug|x86
		{86D5B048-45DE-4E57-A784-B816A9166EE4}.Debug|Mixed Platforms.ActiveCfg = Debug|x86
		{86D5B048-45DE-4E57-A784-B816A9166EE4}.Debug|x86.ActiveCfg = Debug|x86
		{86D5B048-45DE-4E57-A784-B816A9166EE4}.Debug|Xbox 360.ActiveCfg = Debug|x86
		{86D5B048-45DE-4E57-A784-B816A9166EE4}.Release|Any CPU.ActiveCfg = Release|x86
		{86D5B048-45DE-4E57-A784-B816A9166EE4}.Release|Mixed Platforms.ActiveCfg = Release|x86
		{86D5B048-45DE-4E57-A784-B816A9166EE4}.Release|x86.ActiveCfg = Release|x86
		{86D5B048-45DE-4E57-A784-B816A9166EE4}.Release|Xbox 360.ActiveCfg = Release|x86
		{76B7215D-8172-4FF9-A1A9-4989B0D4C15B}.Debug|Any CPU.ActiveCfg = Debug|x86
		{76B7215D-8172-4FF9-A1A9-4989B0D4C15B}.Debug|Mixed Platforms.ActiveCfg = Debug|x86
		{76B7215D-8172-4FF9-A1A9-4989B0D4C15B}.Debug|Mixed Platforms.Build.0 = Debug|x86
		{76B7215D-8172-4FF9-A1A9-4989B0D4C15B}.Debug|x86.ActiveCfg = Debug|x86
		{76B7215D-8172-4FF9-A1A9-4989B0D4C15B}.Debug|x86.Build.0 = Debug|x86
		{76B7215D-8172-4FF9-A1A9-4989B0D4C15B}.Debug|Xbox 360.ActiveCfg = Debug|x86
		{76B7215D-8172-4FF9-A1A9-4989B0D4C15B}.Release|Any CPU.ActiveCfg = Release|x86
		{76B7215D-8172-4FF9-A1A9-4989B0D4C15B}.Release|Mixed Platforms.ActiveCfg = Release|x86
		{76B7215D-8172-4FF9-A1A9-4989B0D4C15B}.Release|Mixed Platforms.Build.0 = Release|x86
		{76B7215D-8172-4FF9-A1A9-4989B0D4C15B}.Release|x86.ActiveCfg = Release|x86
		{76B7215D-8172-4FF9-A1A9-4989B0D4C15B}.Release|x86.Build.0 = Release|x86
		{76B7215D-8172-4FF9-A1A9-4989B0D4C15B}.Release|Xbox 360.ActiveCfg = Release|x86
		{9C683759-D9CF-423E-87B1-153097BE2820}.Debug|Any CPU.ActiveCfg = Debug|x86
		{9C683759-D9CF-423E-87B1-153097BE2820}.Debug|Any CPU.Build.0 = Debug|x86
		{9C683759-D9CF-423E-87B1-153097BE2820}.Debug|Mixed Platforms.ActiveCfg = Debug|x86
		{9C683759-D9CF-423E-87B1-153097BE2820}.Debug|Mixed Platforms.Build.0 = Debug|x86
		{9C683759-D9CF-423E-87B1-153097BE2820}.Debug|x86.ActiveCfg = Debug|x86
		{9C683759-D9CF-423E-87B1-153097BE2820}.Debug|x86.Build.0 = Debug|x86
		{9C683759-D9CF-423E-87B1-153097BE2820}.Debug|Xbox 360.ActiveCfg = Debug|x86
		{9C683759-D9CF-423E-87B1-153097BE2820}.Debug|Xbox 360.Build.0 = Debug|x86
		{9C683759-D9CF-423E-87B1-153097BE2820}.Release|Any CPU.ActiveCfg = Debug|x86
		{9C683759-D9CF-423E-87B1-153097BE2820}.Release|Any CPU.Build.0 = Debug|x86
		{9C683759-D9CF-423E-87B1-153097BE2820}.Release|Mixed Platforms.ActiveCfg = Debug|x86
		{9C683759-D9CF-423E-87B1-153097BE2820}.Release|Mixed Platforms.Build.0 = Debug|x86
		{9C683759-D9CF-423E-87B1-153097BE2820}.Release|x86.ActiveCfg = Debug|x86
		{9C683759-D9CF-423E-87B1-153097BE2820}.Release|x86.Build.0 = Debug|x86
		{9C683759-D9CF-423E-87B1-153097BE2820}.Release|Xbox 360.ActiveCfg = Debug|x86
		{9C683759-D9CF-423E-87B1-153097BE2820}.Release|Xbox 360.Build.0 = Debug|x86
		{AB3EBA19-AD21-494E-8330-1C9D0F24A75C}.Debug|Any CPU.ActiveCfg = Debug|Any CPU
		{AB3EBA19-AD21-494E-8330-1C9D0F24A75C}.Debug|Any CPU.Build.0 = Debug|Any CPU
		{AB3EBA19-AD21-494E-8330-1C9D0F24A75C}.Debug|Mixed Platforms.ActiveCfg = Debug|Any CPU
		{AB3EBA19-AD21-494E-8330-1C9D0F24A75C}.Debug|Mixed Platforms.Build.0 = Debug|Any CPU
		{AB3EBA19-AD21-494E-8330-1C9D0F24A75C}.Debug|x86.ActiveCfg = Debug|Any CPU
		{AB3EBA19-AD21-494E-8330-1C9D0F24A75C}.Debug|Xbox 360.ActiveCfg = Debug|Any CPU
		{AB3EBA19-AD21-494E-8330-1C9D0F24A75C}.Release|Any CPU.ActiveCfg = Release|Any CPU
		{AB3EBA19-AD21-494E-8330-1C9D0F24A75C}.Release|Any CPU.Build.0 = Release|Any CPU
		{AB3EBA19-AD21-494E-8330-1C9D0F24A75C}.Release|Mixed Platforms.ActiveCfg = Release|Any CPU
		{AB3EBA19-AD21-494E-8330-1C9D0F24A75C}.Release|Mixed Platforms.Build.0 = Release|Any CPU
		{AB3EBA19-AD21-494E-8330-1C9D0F24A75C}.Release|x86.ActiveCfg = Release|Any CPU
		{AB3EBA19-AD21-494E-8330-1C9D0F24A75C}.Release|Xbox 360.ActiveCfg = Release|Any CPU
		{0D41E29B-829F-4255-BCA5-64DC2677DA6D}.Debug|Any CPU.ActiveCfg = Debug|Xbox 360
		{0D41E29B-829F-4255-BCA5-64DC2677DA6D}.Debug|Mixed Platforms.ActiveCfg = Debug|Xbox 360
		{0D41E29B-829F-4255-BCA5-64DC2677DA6D}.Debug|Mixed Platforms.Build.0 = Debug|Xbox 360
		{0D41E29B-829F-4255-BCA5-64DC2677DA6D}.Debug|x86.ActiveCfg = Debug|x86
		{0D41E29B-829F-4255-BCA5-64DC2677DA6D}.Debug|x86.Build.0 = Debug|x86
		{0D41E29B-829F-4255-BCA5-64DC2677DA6D}.Debug|Xbox 360.ActiveCfg = Debug|Xbox 360
		{0D41E29B-829F-4255-BCA5-64DC2677DA6D}.Debug|Xbox 360.Build.0 = Debug|Xbox 360
		{0D41E29B-829F-4255-BCA5-64DC2677DA6D}.Release|Any CPU.ActiveCfg = Release|Xbox 360
		{0D41E29B-829F-4255-BCA5-64DC2677DA6D}.Release|Mixed Platforms.ActiveCfg = Release|Xbox 360
		{0D41E29B-829F-4255-BCA5-64DC2677DA6D}.Release|Mixed Platforms.Build.0 = Release|Xbox 360
		{0D41E29B-829F-4255-BCA5-64DC2677DA6D}.Release|x86.ActiveCfg = Release|x86
		{0D41E29B-829F-4255-BCA5-64DC2677DA6D}.Release|x86.Build.0 = Release|x86
		{0D41E29B-829F-4255-BCA5-64DC2677DA6D}.Release|Xbox 360.ActiveCfg = Release|Xbox 360
		{0D41E29B-829F-4255-BCA5-64DC2677DA6D}.Release|Xbox 360.Build.0 = Release|Xbox 360
		{4636C7E1-B845-4B83-B96D-64A11B8A4515}.Debug|Any CPU.ActiveCfg = Debug|x86
		{4636C7E1-B845-4B83-B96D-64A11B8A4515}.Debug|Any CPU.Build.0 = Debug|x86
		{4636C7E1-B845-4B83-B96D-64A11B8A4515}.Debug|Mixed Platforms.ActiveCfg = Debug|x86
		{4636C7E1-B845-4B83-B96D-64A11B8A4515}.Debug|Mixed Platforms.Build.0 = Debug|x86
		{4636C7E1-B845-4B83-B96D-64A11B8A4515}.Debug|x86.ActiveCfg = Debug|x86
		{4636C7E1-B845-4B83-B96D-64A11B8A4515}.Debug|x86.Build.0 = Debug|x86
		{4636C7E1-B845-4B83-B96D-64A11B8A4515}.Debug|Xbox 360.ActiveCfg = Debug|x86
		{4636C7E1-B845-4B83-B96D-64A11B8A4515}.Debug|Xbox 360.Build.0 = Debug|x86
		{4636C7E1-B845-4B83-B96D-64A11B8A4515}.Release|Any CPU.ActiveCfg = Debug|x86
		{4636C7E1-B845-4B83-B96D-64A11B8A4515}.Release|Any CPU.Build.0 = Debug|x86
		{4636C7E1-B845-4B83-B96D-64A11B8A4515}.Release|Mixed Platforms.ActiveCfg = Debug|x86
		{4636C7E1-B845-4B83-B96D-64A11B8A4515}.Release|Mixed Platforms.Build.0 = Debug|x86
		{4636C7E1-B845-4B83-B96D-64A11B8A4515}.Release|x86.ActiveCfg = Debug|x86
		{4636C7E1-B845-4B83-B96D-64A11B8A4515}.Release|x86.Build.0 = Debug|x86
		{4636C7E1-B845-4B83-B96D-64A11B8A4515}.Release|Xbox 360.ActiveCfg = Debug|x86
		{4636C7E1-B845-4B83-B96D-64A11B8A4515}.Release|Xbox 360.Build.0 = Debug|x86
		{7E875664-5067-4C99-9287-D134B54FA643}.Debug|Any CPU.ActiveCfg = Debug|Any CPU
		{7E875664-5067-4C99-9287-D134B54FA643}.Debug|Any CPU.Build.0 = Debug|Any CPU
		{7E875664-5067-4C99-9287-D134B54FA643}.Debug|Mixed Platforms.ActiveCfg = Debug|Any CPU
		{7E875664-5067-4C99-9287-D134B54FA643}.Debug|Mixed Platforms.Build.0 = Debug|Any CPU
		{7E875664-5067-4C99-9287-D134B54FA643}.Debug|x86.ActiveCfg = Debug|Any CPU
		{7E875664-5067-4C99-9287-D134B54FA643}.Debug|Xbox 360.ActiveCfg = Debug|Any CPU
		{7E875664-5067-4C99-9287-D134B54FA643}.Release|Any CPU.ActiveCfg = Release|Any CPU
		{7E875664-5067-4C99-9287-D134B54FA643}.Release|Any CPU.Build.0 = Release|Any CPU
		{7E875664-5067-4C99-9287-D134B54FA643}.Release|Mixed Platforms.ActiveCfg = Release|Any CPU
		{7E875664-5067-4C99-9287-D134B54FA643}.Release|Mixed Platforms.Build.0 = Release|Any CPU
		{7E875664-5067-4C99-9287-D134B54FA643}.Release|x86.ActiveCfg = Release|Any CPU
		{7E875664-5067-4C99-9287-D134B54FA643}.Release|Xbox 360.ActiveCfg = Release|Any CPU
		{E291E85F-5616-453D-803E-07C0BC64B9B1}.Debug|Any CPU.ActiveCfg = Debug|Any CPU
		{E291E85F-5616-453D-803E-07C0BC64B9B1}.Debug|Any CPU.Build.0 = Debug|Any CPU
		{E291E85F-5616-453D-803E-07C0BC64B9B1}.Debug|Mixed Platforms.ActiveCfg = Debug|Any CPU
		{E291E85F-5616-453D-803E-07C0BC64B9B1}.Debug|Mixed Platforms.Build.0 = Debug|Any CPU
		{E291E85F-5616-453D-803E-07C0BC64B9B1}.Debug|x86.ActiveCfg = Debug|Any CPU
		{E291E85F-5616-453D-803E-07C0BC64B9B1}.Debug|Xbox 360.ActiveCfg = Debug|Any CPU
		{E291E85F-5616-453D-803E-07C0BC64B9B1}.Release|Any CPU.ActiveCfg = Release|Any CPU
		{E291E85F-5616-453D-803E-07C0BC64B9B1}.Release|Any CPU.Build.0 = Release|Any CPU
		{E291E85F-5616-453D-803E-07C0BC64B9B1}.Release|Mixed Platforms.ActiveCfg = Release|Any CPU
		{E291E85F-5616-453D-803E-07C0BC64B9B1}.Release|Mixed Platforms.Build.0 = Release|Any CPU
		{E291E85F-5616-453D-803E-07C0BC64B9B1}.Release|x86.ActiveCfg = Release|Any CPU
		{E291E85F-5616-453D-803E-07C0BC64B9B1}.Release|Xbox 360.ActiveCfg = Release|Any CPU
	EndGlobalSection
	GlobalSection(SolutionProperties) = preSolution
		HideSolutionNode = FALSE
	EndGlobalSection
	GlobalSection(SubversionScc) = preSolution
		Svn-Managed = True
		Manager = AnkhSVN - Subversion Support for Visual Studio
	EndGlobalSection
EndGlobal
